
Microsoft Visual Studio Solution File, Format Version 12.00
# Visual Studio 2012
Project("{FAE04EC0-301F-11D3-BF4B-00C04F79EFBC}") = "Odey.FocusList", "Odey.FocusList\Odey.FocusList.csproj", "{757A1CBA-1789-4F3F-97BA-25E2C1AD947B}"
EndProject
Project("{FAE04EC0-301F-11D3-BF4B-00C04F79EFBC}") = "Odey.FocusList.FocusListService", "Odey.FocusList.FocusListService\Odey.FocusList.FocusListService.csproj", "{C81E2DE7-7990-429B-93F8-4F7D63B7E316}"
EndProject
Project("{FAE04EC0-301F-11D3-BF4B-00C04F79EFBC}") = "Odey.FocusList.Contracts", "Odey.FocusList.Contracts\Odey.FocusList.Contracts.csproj", "{AA7C4D11-7E3B-4CA1-8F55-C70A3B571FC6}"
EndProject
Project("{FAE04EC0-301F-11D3-BF4B-00C04F79EFBC}") = "Odey.FocusList.Clients", "Odey.FocusList.Clients\Odey.FocusList.Clients.csproj", "{E56C104B-D9F6-403D-AD30-74A0502FA513}"
EndProject
Project("{FAE04EC0-301F-11D3-BF4B-00C04F79EFBC}") = "Odey.FocusList.Testing", "Odey.FocusList.Testing\Odey.FocusList.Testing.csproj", "{E1659EAB-F90A-4C67-BD80-A15DD2587894}"
EndProject
Global
	GlobalSection(SolutionConfigurationPlatforms) = preSolution
		Debug|Any CPU = Debug|Any CPU
		Release|Any CPU = Release|Any CPU
	EndGlobalSection
	GlobalSection(ProjectConfigurationPlatforms) = postSolution
		{757A1CBA-1789-4F3F-97BA-25E2C1AD947B}.Debug|Any CPU.ActiveCfg = Debug|Any CPU
		{757A1CBA-1789-4F3F-97BA-25E2C1AD947B}.Debug|Any CPU.Build.0 = Debug|Any CPU
		{757A1CBA-1789-4F3F-97BA-25E2C1AD947B}.Release|Any CPU.ActiveCfg = Release|Any CPU
		{757A1CBA-1789-4F3F-97BA-25E2C1AD947B}.Release|Any CPU.Build.0 = Release|Any CPU
		{C81E2DE7-7990-429B-93F8-4F7D63B7E316}.Debug|Any CPU.ActiveCfg = Debug|Any CPU
		{C81E2DE7-7990-429B-93F8-4F7D63B7E316}.Debug|Any CPU.Build.0 = Debug|Any CPU
		{C81E2DE7-7990-429B-93F8-4F7D63B7E316}.Release|Any CPU.ActiveCfg = Release|Any CPU
		{C81E2DE7-7990-429B-93F8-4F7D63B7E316}.Release|Any CPU.Build.0 = Release|Any CPU
		{AA7C4D11-7E3B-4CA1-8F55-C70A3B571FC6}.Debug|Any CPU.ActiveCfg = Debug|Any CPU
		{AA7C4D11-7E3B-4CA1-8F55-C70A3B571FC6}.Debug|Any CPU.Build.0 = Debug|Any CPU
		{AA7C4D11-7E3B-4CA1-8F55-C70A3B571FC6}.Release|Any CPU.ActiveCfg = Release|Any CPU
		{AA7C4D11-7E3B-4CA1-8F55-C70A3B571FC6}.Release|Any CPU.Build.0 = Release|Any CPU
		{E56C104B-D9F6-403D-AD30-74A0502FA513}.Debug|Any CPU.ActiveCfg = Debug|Any CPU
		{E56C104B-D9F6-403D-AD30-74A0502FA513}.Debug|Any CPU.Build.0 = Debug|Any CPU
		{E56C104B-D9F6-403D-AD30-74A0502FA513}.Release|Any CPU.ActiveCfg = Release|Any CPU
		{E56C104B-D9F6-403D-AD30-74A0502FA513}.Release|Any CPU.Build.0 = Release|Any CPU
		{E1659EAB-F90A-4C67-BD80-A15DD2587894}.Debug|Any CPU.ActiveCfg = Debug|Any CPU
		{E1659EAB-F90A-4C67-BD80-A15DD2587894}.Debug|Any CPU.Build.0 = Debug|Any CPU
		{E1659EAB-F90A-4C67-BD80-A15DD2587894}.Release|Any CPU.ActiveCfg = Release|Any CPU
		{E1659EAB-F90A-4C67-BD80-A15DD2587894}.Release|Any CPU.Build.0 = Release|Any CPU
	EndGlobalSection
	GlobalSection(SolutionProperties) = preSolution
		HideSolutionNode = FALSE
	EndGlobalSection
	GlobalSection(ExtensibilityGlobals) = postSolution
		VisualSVNWorkingCopyRoot = .
	EndGlobalSection
EndGlobal
