
Microsoft Visual Studio Solution File, Format Version 12.00
# Visual Studio 15
VisualStudioVersion = 15.0.28307.757
MinimumVisualStudioVersion = 10.0.40219.1
Project("{FAE04EC0-301F-11D3-BF4B-00C04F79EFBC}") = "Odey.FocusList", "Odey.FocusList\Odey.FocusList.csproj", "{757A1CBA-1789-4F3F-97BA-25E2C1AD947B}"
EndProject
Project("{FAE04EC0-301F-11D3-BF4B-00C04F79EFBC}") = "Odey.FocusList.FocusListService", "Odey.FocusList.FocusListService\Odey.FocusList.FocusListService.csproj", "{C81E2DE7-7990-429B-93F8-4F7D63B7E316}"
EndProject
Project("{FAE04EC0-301F-11D3-BF4B-00C04F79EFBC}") = "Odey.FocusList.Contracts", "Odey.FocusList.Contracts\Odey.FocusList.Contracts.csproj", "{AA7C4D11-7E3B-4CA1-8F55-C70A3B571FC6}"
EndProject
Project("{FAE04EC0-301F-11D3-BF4B-00C04F79EFBC}") = "Odey.FocusList.Clients", "Odey.FocusList.Clients\Odey.FocusList.Clients.csproj", "{E56C104B-D9F6-403D-AD30-74A0502FA513}"
EndProject
Project("{FAE04EC0-301F-11D3-BF4B-00C04F79EFBC}") = "Odey.FocusList.Testing", "Odey.FocusList.Testing\Odey.FocusList.Testing.csproj", "{E1659EAB-F90A-4C67-BD80-A15DD2587894}"
EndProject
Project("{2150E333-8FDC-42A3-9474-1A3956D46DE8}") = ".nuget", ".nuget", "{E34BDCE4-CCE0-4E04-B84C-56A315EC3CEE}"
	ProjectSection(SolutionItems) = preProject
		.nuget\NuGet.Config = .nuget\NuGet.Config
		.nuget\NuGet.exe = .nuget\NuGet.exe
		.nuget\NuGet.targets = .nuget\NuGet.targets
	EndProjectSection
EndProject
Global
	GlobalSection(SolutionConfigurationPlatforms) = preSolution
		Debug|Any CPU = Debug|Any CPU
		FocusListClient|Any CPU = FocusListClient|Any CPU
		FocusListService|Any CPU = FocusListService|Any CPU
		Release|Any CPU = Release|Any CPU
		ReleaseDebug|Any CPU = ReleaseDebug|Any CPU
		UAT|Any CPU = UAT|Any CPU
	EndGlobalSection
	GlobalSection(ProjectConfigurationPlatforms) = postSolution
		{757A1CBA-1789-4F3F-97BA-25E2C1AD947B}.Debug|Any CPU.ActiveCfg = Debug|Any CPU
		{757A1CBA-1789-4F3F-97BA-25E2C1AD947B}.Debug|Any CPU.Build.0 = Debug|Any CPU
		{757A1CBA-1789-4F3F-97BA-25E2C1AD947B}.FocusListClient|Any CPU.ActiveCfg = FocusListClient|Any CPU
		{757A1CBA-1789-4F3F-97BA-25E2C1AD947B}.FocusListService|Any CPU.ActiveCfg = FocusListService|Any CPU
		{757A1CBA-1789-4F3F-97BA-25E2C1AD947B}.FocusListService|Any CPU.Build.0 = FocusListService|Any CPU
		{757A1CBA-1789-4F3F-97BA-25E2C1AD947B}.Release|Any CPU.ActiveCfg = Release|Any CPU
		{757A1CBA-1789-4F3F-97BA-25E2C1AD947B}.Release|Any CPU.Build.0 = Release|Any CPU
		{757A1CBA-1789-4F3F-97BA-25E2C1AD947B}.ReleaseDebug|Any CPU.ActiveCfg = ReleaseDebug|Any CPU
		{757A1CBA-1789-4F3F-97BA-25E2C1AD947B}.ReleaseDebug|Any CPU.Build.0 = ReleaseDebug|Any CPU
		{757A1CBA-1789-4F3F-97BA-25E2C1AD947B}.UAT|Any CPU.ActiveCfg = UAT|Any CPU
		{757A1CBA-1789-4F3F-97BA-25E2C1AD947B}.UAT|Any CPU.Build.0 = UAT|Any CPU
		{C81E2DE7-7990-429B-93F8-4F7D63B7E316}.Debug|Any CPU.ActiveCfg = Debug|Any CPU
		{C81E2DE7-7990-429B-93F8-4F7D63B7E316}.Debug|Any CPU.Build.0 = Debug|Any CPU
		{C81E2DE7-7990-429B-93F8-4F7D63B7E316}.FocusListClient|Any CPU.ActiveCfg = FocusListClient|Any CPU
		{C81E2DE7-7990-429B-93F8-4F7D63B7E316}.FocusListService|Any CPU.ActiveCfg = FocusListService|Any CPU
		{C81E2DE7-7990-429B-93F8-4F7D63B7E316}.FocusListService|Any CPU.Build.0 = FocusListService|Any CPU
		{C81E2DE7-7990-429B-93F8-4F7D63B7E316}.Release|Any CPU.ActiveCfg = Release|Any CPU
		{C81E2DE7-7990-429B-93F8-4F7D63B7E316}.Release|Any CPU.Build.0 = Release|Any CPU
		{C81E2DE7-7990-429B-93F8-4F7D63B7E316}.ReleaseDebug|Any CPU.ActiveCfg = ReleaseDebug|Any CPU
		{C81E2DE7-7990-429B-93F8-4F7D63B7E316}.ReleaseDebug|Any CPU.Build.0 = ReleaseDebug|Any CPU
		{C81E2DE7-7990-429B-93F8-4F7D63B7E316}.UAT|Any CPU.ActiveCfg = UAT|Any CPU
		{C81E2DE7-7990-429B-93F8-4F7D63B7E316}.UAT|Any CPU.Build.0 = UAT|Any CPU
		{AA7C4D11-7E3B-4CA1-8F55-C70A3B571FC6}.Debug|Any CPU.ActiveCfg = Debug|Any CPU
		{AA7C4D11-7E3B-4CA1-8F55-C70A3B571FC6}.Debug|Any CPU.Build.0 = Debug|Any CPU
		{AA7C4D11-7E3B-4CA1-8F55-C70A3B571FC6}.FocusListClient|Any CPU.ActiveCfg = FocusListClient|Any CPU
		{AA7C4D11-7E3B-4CA1-8F55-C70A3B571FC6}.FocusListClient|Any CPU.Build.0 = FocusListClient|Any CPU
		{AA7C4D11-7E3B-4CA1-8F55-C70A3B571FC6}.FocusListService|Any CPU.ActiveCfg = FocusListService|Any CPU
		{AA7C4D11-7E3B-4CA1-8F55-C70A3B571FC6}.Release|Any CPU.ActiveCfg = Release|Any CPU
		{AA7C4D11-7E3B-4CA1-8F55-C70A3B571FC6}.Release|Any CPU.Build.0 = Release|Any CPU
		{AA7C4D11-7E3B-4CA1-8F55-C70A3B571FC6}.ReleaseDebug|Any CPU.ActiveCfg = ReleaseDebug|Any CPU
		{AA7C4D11-7E3B-4CA1-8F55-C70A3B571FC6}.ReleaseDebug|Any CPU.Build.0 = ReleaseDebug|Any CPU
		{AA7C4D11-7E3B-4CA1-8F55-C70A3B571FC6}.UAT|Any CPU.ActiveCfg = UAT|Any CPU
		{AA7C4D11-7E3B-4CA1-8F55-C70A3B571FC6}.UAT|Any CPU.Build.0 = UAT|Any CPU
		{E56C104B-D9F6-403D-AD30-74A0502FA513}.Debug|Any CPU.ActiveCfg = Debug|Any CPU
		{E56C104B-D9F6-403D-AD30-74A0502FA513}.Debug|Any CPU.Build.0 = Debug|Any CPU
		{E56C104B-D9F6-403D-AD30-74A0502FA513}.FocusListClient|Any CPU.ActiveCfg = FocusListClient|Any CPU
		{E56C104B-D9F6-403D-AD30-74A0502FA513}.FocusListClient|Any CPU.Build.0 = FocusListClient|Any CPU
		{E56C104B-D9F6-403D-AD30-74A0502FA513}.FocusListService|Any CPU.ActiveCfg = FocusListService|Any CPU
		{E56C104B-D9F6-403D-AD30-74A0502FA513}.FocusListService|Any CPU.Build.0 = FocusListService|Any CPU
		{E56C104B-D9F6-403D-AD30-74A0502FA513}.Release|Any CPU.ActiveCfg = Release|Any CPU
		{E56C104B-D9F6-403D-AD30-74A0502FA513}.Release|Any CPU.Build.0 = Release|Any CPU
		{E56C104B-D9F6-403D-AD30-74A0502FA513}.ReleaseDebug|Any CPU.ActiveCfg = ReleaseDebug|Any CPU
		{E56C104B-D9F6-403D-AD30-74A0502FA513}.ReleaseDebug|Any CPU.Build.0 = ReleaseDebug|Any CPU
		{E56C104B-D9F6-403D-AD30-74A0502FA513}.UAT|Any CPU.ActiveCfg = UAT|Any CPU
		{E56C104B-D9F6-403D-AD30-74A0502FA513}.UAT|Any CPU.Build.0 = UAT|Any CPU
		{E1659EAB-F90A-4C67-BD80-A15DD2587894}.Debug|Any CPU.ActiveCfg = Debug|Any CPU
		{E1659EAB-F90A-4C67-BD80-A15DD2587894}.Debug|Any CPU.Build.0 = Debug|Any CPU
		{E1659EAB-F90A-4C67-BD80-A15DD2587894}.FocusListClient|Any CPU.ActiveCfg = FocusListClient|Any CPU
		{E1659EAB-F90A-4C67-BD80-A15DD2587894}.FocusListService|Any CPU.ActiveCfg = FocusListService|Any CPU
		{E1659EAB-F90A-4C67-BD80-A15DD2587894}.FocusListService|Any CPU.Build.0 = FocusListService|Any CPU
		{E1659EAB-F90A-4C67-BD80-A15DD2587894}.Release|Any CPU.ActiveCfg = Release|Any CPU
		{E1659EAB-F90A-4C67-BD80-A15DD2587894}.Release|Any CPU.Build.0 = Release|Any CPU
		{E1659EAB-F90A-4C67-BD80-A15DD2587894}.ReleaseDebug|Any CPU.ActiveCfg = ReleaseDebug|Any CPU
		{E1659EAB-F90A-4C67-BD80-A15DD2587894}.ReleaseDebug|Any CPU.Build.0 = ReleaseDebug|Any CPU
		{E1659EAB-F90A-4C67-BD80-A15DD2587894}.UAT|Any CPU.ActiveCfg = UAT|Any CPU
		{E1659EAB-F90A-4C67-BD80-A15DD2587894}.UAT|Any CPU.Build.0 = UAT|Any CPU
	EndGlobalSection
	GlobalSection(SolutionProperties) = preSolution
		HideSolutionNode = FALSE
	EndGlobalSection
	GlobalSection(ExtensibilityGlobals) = postSolution
		VisualSVNWorkingCopyRoot = .
		SolutionGuid = {736C1F89-9DD6-4586-B3A3-012FCD433409}
	EndGlobalSection
EndGlobal
